{
  "name": "webgl",
  "version": "0.0.0",
  "lockfileVersion": 3,
  "requires": true,
  "packages": {
    "": {
      "name": "webgl",
      "version": "0.0.0",
      "license": "MIT",
      "devDependencies": {
        "@types/dat.gui": "^0.7.13"
      }
    },
    "node_modules/@types/dat.gui": {
      "version": "0.7.13",
      "resolved": "https://registry.npmjs.org/@types/dat.gui/-/dat.gui-0.7.13.tgz",
      "integrity": "sha512-LmG4Pr0mbsB/1WVttf8xaHx45BvSBDGY5D9+0/9AZCbI4vvOguwBHZdKyJMxt5Yst8+icRSHKmr7ClV2u5ZtDA==",
      "dev": true,
      "license": "MIT"
    }
  }
}
